
Microsoft Visual Studio Solution File, Format Version 12.00
# Visual Studio Version 17
VisualStudioVersion = 17.2.32630.192
MinimumVisualStudioVersion = 10.0.40219.1
Project("{888888A0-9F3D-457C-B088-3A5042F75D52}") = "9-20-22", "9-20-22\9-20-22.pyproj", "{8E09EC80-D1B0-442F-B140-6495FE8F7887}"
EndProject
Global
	GlobalSection(SolutionConfigurationPlatforms) = preSolution
		Debug|Any CPU = Debug|Any CPU
		Release|Any CPU = Release|Any CPU
	EndGlobalSection
	GlobalSection(ProjectConfigurationPlatforms) = postSolution
		{8E09EC80-D1B0-442F-B140-6495FE8F7887}.Debug|Any CPU.ActiveCfg = Debug|Any CPU
		{8E09EC80-D1B0-442F-B140-6495FE8F7887}.Release|Any CPU.ActiveCfg = Release|Any CPU
	EndGlobalSection
	GlobalSection(SolutionProperties) = preSolution
		HideSolutionNode = FALSE
	EndGlobalSection
	GlobalSection(ExtensibilityGlobals) = postSolution
		SolutionGuid = {A7C08507-3ABE-4FF2-90C5-B08987868197}
	EndGlobalSection
EndGlobal
